
Microsoft Visual Studio Solution File, Format Version 12.00
# Visual Studio 15
VisualStudioVersion = 15.0.28307.779
MinimumVisualStudioVersion = 10.0.40219.1
Project("{FAE04EC0-301F-11D3-BF4B-00C04F79EFBC}") = "FileNavTest3", "FileNavTest3\FileNavTest3.csproj", "{8A097F02-7DB3-463C-A293-9DD5021ACE09}"
EndProject
Global
	GlobalSection(SolutionConfigurationPlatforms) = preSolution
		Debug|Any CPU = Debug|Any CPU
		Release|Any CPU = Release|Any CPU
	EndGlobalSection
	GlobalSection(ProjectConfigurationPlatforms) = postSolution
		{8A097F02-7DB3-463C-A293-9DD5021ACE09}.Debug|Any CPU.ActiveCfg = Debug|Any CPU
		{8A097F02-7DB3-463C-A293-9DD5021ACE09}.Debug|Any CPU.Build.0 = Debug|Any CPU
		{8A097F02-7DB3-463C-A293-9DD5021ACE09}.Release|Any CPU.ActiveCfg = Release|Any CPU
		{8A097F02-7DB3-463C-A293-9DD5021ACE09}.Release|Any CPU.Build.0 = Release|Any CPU
	EndGlobalSection
	GlobalSection(SolutionProperties) = preSolution
		HideSolutionNode = FALSE
	EndGlobalSection
	GlobalSection(ExtensibilityGlobals) = postSolution
		SolutionGuid = {1FC22356-CE9D-40EE-AB5C-26B92ACEAC84}
	EndGlobalSection
EndGlobal
